
Microsoft Visual Studio Solution File, Format Version 12.00
# Visual Studio Version 16
VisualStudioVersion = 16.0.31229.75
MinimumVisualStudioVersion = 10.0.40219.1
Project("{FAE04EC0-301F-11D3-BF4B-00C04F79EFBC}") = "PM02MVVM.Android", "PM02MVVM\PM02MVVM.Android\PM02MVVM.Android.csproj", "{E5DFE553-8F39-4222-8BA5-17F9D9A91407}"
EndProject
Project("{FAE04EC0-301F-11D3-BF4B-00C04F79EFBC}") = "PM02MVVM", "PM02MVVM\PM02MVVM\PM02MVVM.csproj", "{43738A7C-1832-4F9A-A5C3-CC1D096EF5CF}"
EndProject
Global
	GlobalSection(SolutionConfigurationPlatforms) = preSolution
		Debug|Any CPU = Debug|Any CPU
		Release|Any CPU = Release|Any CPU
	EndGlobalSection
	GlobalSection(ProjectConfigurationPlatforms) = postSolution
		{E5DFE553-8F39-4222-8BA5-17F9D9A91407}.Debug|Any CPU.ActiveCfg = Debug|Any CPU
		{E5DFE553-8F39-4222-8BA5-17F9D9A91407}.Debug|Any CPU.Build.0 = Debug|Any CPU
		{E5DFE553-8F39-4222-8BA5-17F9D9A91407}.Debug|Any CPU.Deploy.0 = Debug|Any CPU
		{E5DFE553-8F39-4222-8BA5-17F9D9A91407}.Release|Any CPU.ActiveCfg = Release|Any CPU
		{E5DFE553-8F39-4222-8BA5-17F9D9A91407}.Release|Any CPU.Build.0 = Release|Any CPU
		{E5DFE553-8F39-4222-8BA5-17F9D9A91407}.Release|Any CPU.Deploy.0 = Release|Any CPU
		{43738A7C-1832-4F9A-A5C3-CC1D096EF5CF}.Debug|Any CPU.ActiveCfg = Debug|Any CPU
		{43738A7C-1832-4F9A-A5C3-CC1D096EF5CF}.Debug|Any CPU.Build.0 = Debug|Any CPU
		{43738A7C-1832-4F9A-A5C3-CC1D096EF5CF}.Debug|Any CPU.Deploy.0 = Debug|Any CPU
		{43738A7C-1832-4F9A-A5C3-CC1D096EF5CF}.Release|Any CPU.ActiveCfg = Release|Any CPU
		{43738A7C-1832-4F9A-A5C3-CC1D096EF5CF}.Release|Any CPU.Build.0 = Release|Any CPU
		{43738A7C-1832-4F9A-A5C3-CC1D096EF5CF}.Release|Any CPU.Deploy.0 = Release|Any CPU
	EndGlobalSection
	GlobalSection(SolutionProperties) = preSolution
		HideSolutionNode = FALSE
	EndGlobalSection
	GlobalSection(ExtensibilityGlobals) = postSolution
		SolutionGuid = {33C90B94-11B3-4E99-A19B-75F717D6E46A}
	EndGlobalSection
EndGlobal
